
Microsoft Visual Studio Solution File, Format Version 12.00
# Visual Studio Version 16
VisualStudioVersion = 16.0.31410.357
MinimumVisualStudioVersion = 10.0.40219.1
Project("{FAE04EC0-301F-11D3-BF4B-00C04F79EFBC}") = "Simple Ludo", "Simple Ludo\Simple Ludo.csproj", "{A997B6F8-D013-494B-8864-8F206736AC27}"
EndProject
Global
	GlobalSection(SolutionConfigurationPlatforms) = preSolution
		Debug|Any CPU = Debug|Any CPU
		Release|Any CPU = Release|Any CPU
	EndGlobalSection
	GlobalSection(ProjectConfigurationPlatforms) = postSolution
		{A997B6F8-D013-494B-8864-8F206736AC27}.Debug|Any CPU.ActiveCfg = Debug|Any CPU
		{A997B6F8-D013-494B-8864-8F206736AC27}.Debug|Any CPU.Build.0 = Debug|Any CPU
		{A997B6F8-D013-494B-8864-8F206736AC27}.Release|Any CPU.ActiveCfg = Release|Any CPU
		{A997B6F8-D013-494B-8864-8F206736AC27}.Release|Any CPU.Build.0 = Release|Any CPU
	EndGlobalSection
	GlobalSection(SolutionProperties) = preSolution
		HideSolutionNode = FALSE
	EndGlobalSection
	GlobalSection(ExtensibilityGlobals) = postSolution
		SolutionGuid = {DEF9D8A8-CED0-4810-8128-9AF8A12785B8}
	EndGlobalSection
EndGlobal
